{
  "version": 4,
  "terraform_version": "1.1.7",
  "serial": 3,
  "lineage": "b3d20948-5de6-0db4-bba7-e9b51269fc6b",
  "outputs": {},
  "resources": [
    {
      "module": "module.Dev_Ops",
      "mode": "managed",
      "type": "azurerm_resource_group",
      "name": "rg",
      "provider": "module.Dev_Ops.provider[\"registry.terraform.io/hashicorp/azurerm\"]",
      "instances": [
        {
          "schema_version": 0,
          "attributes": {
            "id": "/subscriptions/21c8ea2b-3d00-4f9b-ba9f-5c35558aba1b/resourceGroups/HeyanEnterprise",
            "location": "westus",
            "name": "HeyanEnterprise",
            "tags": {
              "evn": "Dev"
            },
            "timeouts": null
          },
          "sensitive_attributes": [],
          "private": "eyJlMmJmYjczMC1lY2FhLTExZTYtOGY4OC0zNDM2M2JjN2M0YzAiOnsiY3JlYXRlIjo1NDAwMDAwMDAwMDAwLCJkZWxldGUiOjU0MDAwMDAwMDAwMDAsInJlYWQiOjMwMDAwMDAwMDAwMCwidXBkYXRlIjo1NDAwMDAwMDAwMDAwfX0="
        }
      ]
    }
  ]
}
