{
  "version": 4,
  "terraform_version": "1.1.7",
  "serial": 8,
  "lineage": "9edc90d0-1878-96fb-09b0-33f3fc877d28",
  "outputs": {
    "rg_name_out": {
      "value": "demorgakash",
      "type": "string"
    }
  },
  "resources": [
    {
      "mode": "managed",
      "type": "azurerm_resource_group",
      "name": "demorgakash",
      "provider": "provider[\"registry.terraform.io/hashicorp/azurerm\"]",
      "instances": [
        {
          "schema_version": 0,
          "attributes": {
            "id": "/subscriptions/21c8ea2b-3d00-4f9b-ba9f-5c35558aba1b/resourceGroups/demorgakash",
            "location": "eastus",
            "name": "demorgakash",
            "tags": {
              "evn": "Dev"
            },
            "timeouts": null
          },
          "sensitive_attributes": [],
          "private": "eyJlMmJmYjczMC1lY2FhLTExZTYtOGY4OC0zNDM2M2JjN2M0YzAiOnsiY3JlYXRlIjo1NDAwMDAwMDAwMDAwLCJkZWxldGUiOjU0MDAwMDAwMDAwMDAsInJlYWQiOjMwMDAwMDAwMDAwMCwidXBkYXRlIjo1NDAwMDAwMDAwMDAwfX0="
        }
      ]
    },
    {
      "mode": "managed",
      "type": "azurerm_storage_account",
      "name": "demo_storage12345678",
      "provider": "provider[\"registry.terraform.io/hashicorp/azurerm\"]",
      "instances": [
        {
          "schema_version": 2,
          "attributes": {
            "access_tier": "Hot",
            "account_kind": "StorageV2",
            "account_replication_type": "LRS",
            "account_tier": "Standard",
            "allow_blob_public_access": false,
            "azure_files_authentication": [],
            "blob_properties": [
              {
                "change_feed_enabled": false,
                "container_delete_retention_policy": [],
                "cors_rule": [],
                "default_service_version": "",
                "delete_retention_policy": [],
                "last_access_time_enabled": false,
                "versioning_enabled": false
              }
            ],
            "custom_domain": [],
            "customer_managed_key": [],
            "enable_https_traffic_only": true,
            "id": "/subscriptions/21c8ea2b-3d00-4f9b-ba9f-5c35558aba1b/resourceGroups/demorgakash/providers/Microsoft.Storage/storageAccounts/demorgakasha",
            "identity": [],
            "infrastructure_encryption_enabled": false,
            "is_hns_enabled": false,
            "large_file_share_enabled": null,
            "location": "eastus",
            "min_tls_version": "TLS1_0",
            "name": "demorgakasha",
            "network_rules": [
              {
                "bypass": [
                  "AzureServices"
                ],
                "default_action": "Allow",
                "ip_rules": [],
                "private_link_access": [],
                "virtual_network_subnet_ids": []
              }
            ],
            "nfsv3_enabled": false,
            "primary_access_key": "RSrUDyFnYxbKCKHsJgx8TM6LVMHW5MLIVnbZgyqNzMK1vx8L9iTmXczXM+16vETe5kjTcyY0Dpu/+AStRh7z6Q==",
            "primary_blob_connection_string": "DefaultEndpointsProtocol=https;BlobEndpoint=https://demorgakasha.blob.core.windows.net/;AccountName=demorgakasha;AccountKey=RSrUDyFnYxbKCKHsJgx8TM6LVMHW5MLIVnbZgyqNzMK1vx8L9iTmXczXM+16vETe5kjTcyY0Dpu/+AStRh7z6Q==",
            "primary_blob_endpoint": "https://demorgakasha.blob.core.windows.net/",
            "primary_blob_host": "demorgakasha.blob.core.windows.net",
            "primary_connection_string": "DefaultEndpointsProtocol=https;AccountName=demorgakasha;AccountKey=RSrUDyFnYxbKCKHsJgx8TM6LVMHW5MLIVnbZgyqNzMK1vx8L9iTmXczXM+16vETe5kjTcyY0Dpu/+AStRh7z6Q==;EndpointSuffix=core.windows.net",
            "primary_dfs_endpoint": "https://demorgakasha.dfs.core.windows.net/",
            "primary_dfs_host": "demorgakasha.dfs.core.windows.net",
            "primary_file_endpoint": "https://demorgakasha.file.core.windows.net/",
            "primary_file_host": "demorgakasha.file.core.windows.net",
            "primary_location": "eastus",
            "primary_queue_endpoint": "https://demorgakasha.queue.core.windows.net/",
            "primary_queue_host": "demorgakasha.queue.core.windows.net",
            "primary_table_endpoint": "https://demorgakasha.table.core.windows.net/",
            "primary_table_host": "demorgakasha.table.core.windows.net",
            "primary_web_endpoint": "https://demorgakasha.z13.web.core.windows.net/",
            "primary_web_host": "demorgakasha.z13.web.core.windows.net",
            "queue_encryption_key_type": "Service",
            "queue_properties": [
              {
                "cors_rule": [],
                "hour_metrics": [
                  {
                    "enabled": true,
                    "include_apis": true,
                    "retention_policy_days": 7,
                    "version": "1.0"
                  }
                ],
                "logging": [
                  {
                    "delete": false,
                    "read": false,
                    "retention_policy_days": 0,
                    "version": "1.0",
                    "write": false
                  }
                ],
                "minute_metrics": [
                  {
                    "enabled": false,
                    "include_apis": false,
                    "retention_policy_days": 0,
                    "version": "1.0"
                  }
                ]
              }
            ],
            "resource_group_name": "demorgakash",
            "routing": [],
            "secondary_access_key": "6aYIYL5+ux5VIOVpgYo6zQGiVkN7dRrLwa2UufYo3bon8KF2FD9Pj6kyBX+RQtMqItC4LMJ8ulhW+AStXCmePQ==",
            "secondary_blob_connection_string": "",
            "secondary_blob_endpoint": null,
            "secondary_blob_host": null,
            "secondary_connection_string": "DefaultEndpointsProtocol=https;AccountName=demorgakasha;AccountKey=6aYIYL5+ux5VIOVpgYo6zQGiVkN7dRrLwa2UufYo3bon8KF2FD9Pj6kyBX+RQtMqItC4LMJ8ulhW+AStXCmePQ==;EndpointSuffix=core.windows.net",
            "secondary_dfs_endpoint": null,
            "secondary_dfs_host": null,
            "secondary_file_endpoint": null,
            "secondary_file_host": null,
            "secondary_location": "",
            "secondary_queue_endpoint": null,
            "secondary_queue_host": null,
            "secondary_table_endpoint": null,
            "secondary_table_host": null,
            "secondary_web_endpoint": null,
            "secondary_web_host": null,
            "share_properties": [
              {
                "cors_rule": [],
                "retention_policy": [
                  {
                    "days": 7
                  }
                ],
                "smb": []
              }
            ],
            "shared_access_key_enabled": true,
            "static_website": [],
            "table_encryption_key_type": "Service",
            "tags": null,
            "timeouts": null
          },
          "sensitive_attributes": [],
          "private": "eyJlMmJmYjczMC1lY2FhLTExZTYtOGY4OC0zNDM2M2JjN2M0YzAiOnsiY3JlYXRlIjozNjAwMDAwMDAwMDAwLCJkZWxldGUiOjM2MDAwMDAwMDAwMDAsInJlYWQiOjMwMDAwMDAwMDAwMCwidXBkYXRlIjozNjAwMDAwMDAwMDAwfSwic2NoZW1hX3ZlcnNpb24iOiIyIn0=",
          "dependencies": [
            "azurerm_resource_group.demorgakash"
          ]
        }
      ]
    }
  ]
}
